<Solution>
  <Folder Name="/Solution Items/">
    <File Path=".editorconfig" />
    <File Path=".globalconfig" />
    <File Path="Directory.Build.props" />
    <File Path="Directory.Packages.props" />
  </Folder>
  <Project Path="BronKerbosch/BronKerbosch.csproj" />
  <Project Path="BronKerbosch.Test/BronKerbosch.Test.csproj" />
  <Project Path="BronKerboschStudy/BronKerboschStudy.csproj" />
  <Project Path="BronKerboschStudy.Test/BronKerboschStudy.Test.csproj" />
</Solution>
