
Microsoft Visual Studio Solution File, Format Version 12.00
# Visual Studio 15
VisualStudioVersion = 15.0.28307.539
MinimumVisualStudioVersion = 10.0.40219.1
Project("{FAE04EC0-301F-11D3-BF4B-00C04F79EFBC}") = "BronKerbosch", "BronKerbosch\BronKerbosch.csproj", "{B01118BB-1C52-41BE-B8E0-071FD447620D}"
EndProject
Project("{FAE04EC0-301F-11D3-BF4B-00C04F79EFBC}") = "BronKerboschUnitTest", "BronKerboschUnitTest\BronKerboschUnitTest.csproj", "{8144EEFB-C105-4683-B451-4FFDBB02A1D3}"
EndProject
Global
	GlobalSection(SolutionConfigurationPlatforms) = preSolution
		Debug|Any CPU = Debug|Any CPU
		Release|Any CPU = Release|Any CPU
	EndGlobalSection
	GlobalSection(ProjectConfigurationPlatforms) = postSolution
		{B01118BB-1C52-41BE-B8E0-071FD447620D}.Debug|Any CPU.ActiveCfg = Debug|Any CPU
		{B01118BB-1C52-41BE-B8E0-071FD447620D}.Debug|Any CPU.Build.0 = Debug|Any CPU
		{B01118BB-1C52-41BE-B8E0-071FD447620D}.Release|Any CPU.ActiveCfg = Release|Any CPU
		{B01118BB-1C52-41BE-B8E0-071FD447620D}.Release|Any CPU.Build.0 = Release|Any CPU
		{8144EEFB-C105-4683-B451-4FFDBB02A1D3}.Debug|Any CPU.ActiveCfg = Debug|Any CPU
		{8144EEFB-C105-4683-B451-4FFDBB02A1D3}.Debug|Any CPU.Build.0 = Debug|Any CPU
		{8144EEFB-C105-4683-B451-4FFDBB02A1D3}.Release|Any CPU.ActiveCfg = Release|Any CPU
		{8144EEFB-C105-4683-B451-4FFDBB02A1D3}.Release|Any CPU.Build.0 = Release|Any CPU
	EndGlobalSection
	GlobalSection(SolutionProperties) = preSolution
		HideSolutionNode = FALSE
	EndGlobalSection
	GlobalSection(ExtensibilityGlobals) = postSolution
		SolutionGuid = {FA9900BD-976E-4B18-9495-58A209C3C0A2}
	EndGlobalSection
EndGlobal
