
Microsoft Visual Studio Solution File, Format Version 12.00
# Visual Studio Version 17
VisualStudioVersion = 17.0.31919.166
MinimumVisualStudioVersion = 10.0.40219.1
Project("{2150E333-8FDC-42A3-9474-1A3956D46DE8}") = "Solution Items", "Solution Items", "{304E605A-76B1-405A-96BF-DD2D77E67CC3}"
	ProjectSection(SolutionItems) = preProject
		.editorconfig = .editorconfig
	EndProjectSection
EndProject
Project("{9A19103F-16F7-4668-BE54-9A1E7A4F7556}") = "BronKerbosch", "BronKerbosch\BronKerbosch.csproj", "{3822C812-CB13-4783-8427-8746BC3C0FD9}"
EndProject
Project("{9A19103F-16F7-4668-BE54-9A1E7A4F7556}") = "BronKerboschStudy", "BronKerboschStudy\BronKerboschStudy.csproj", "{8CBB6BC0-19A8-4520-AEFD-FC6FD39BCE23}"
EndProject
Project("{9A19103F-16F7-4668-BE54-9A1E7A4F7556}") = "BronKerboschUnitTest", "BronKerboschUnitTest\BronKerboschUnitTest.csproj", "{F4BBEA8C-51D4-4284-B124-660FFA066CD8}"
EndProject
Project("{9A19103F-16F7-4668-BE54-9A1E7A4F7556}") = "BronKerboschStudyUnitTest", "BronKerboschStudyUnitTest\BronKerboschStudyUnitTest.csproj", "{48A3758F-7D3E-416C-B5F5-579508F4C406}"
EndProject
Global
	GlobalSection(SolutionConfigurationPlatforms) = preSolution
		Debug|Any CPU = Debug|Any CPU
		Debug|x64 = Debug|x64
		Debug|x86 = Debug|x86
		Release|Any CPU = Release|Any CPU
		Release|x64 = Release|x64
		Release|x86 = Release|x86
	EndGlobalSection
	GlobalSection(ProjectConfigurationPlatforms) = postSolution
		{3822C812-CB13-4783-8427-8746BC3C0FD9}.Debug|Any CPU.ActiveCfg = Debug|Any CPU
		{3822C812-CB13-4783-8427-8746BC3C0FD9}.Debug|Any CPU.Build.0 = Debug|Any CPU
		{3822C812-CB13-4783-8427-8746BC3C0FD9}.Debug|x64.ActiveCfg = Debug|Any CPU
		{3822C812-CB13-4783-8427-8746BC3C0FD9}.Debug|x64.Build.0 = Debug|Any CPU
		{3822C812-CB13-4783-8427-8746BC3C0FD9}.Debug|x86.ActiveCfg = Debug|Any CPU
		{3822C812-CB13-4783-8427-8746BC3C0FD9}.Debug|x86.Build.0 = Debug|Any CPU
		{3822C812-CB13-4783-8427-8746BC3C0FD9}.Release|Any CPU.ActiveCfg = Release|Any CPU
		{3822C812-CB13-4783-8427-8746BC3C0FD9}.Release|Any CPU.Build.0 = Release|Any CPU
		{3822C812-CB13-4783-8427-8746BC3C0FD9}.Release|x64.ActiveCfg = Release|Any CPU
		{3822C812-CB13-4783-8427-8746BC3C0FD9}.Release|x64.Build.0 = Release|Any CPU
		{3822C812-CB13-4783-8427-8746BC3C0FD9}.Release|x86.ActiveCfg = Release|Any CPU
		{3822C812-CB13-4783-8427-8746BC3C0FD9}.Release|x86.Build.0 = Release|Any CPU
		{8CBB6BC0-19A8-4520-AEFD-FC6FD39BCE23}.Debug|Any CPU.ActiveCfg = Debug|Any CPU
		{8CBB6BC0-19A8-4520-AEFD-FC6FD39BCE23}.Debug|Any CPU.Build.0 = Debug|Any CPU
		{8CBB6BC0-19A8-4520-AEFD-FC6FD39BCE23}.Debug|x64.ActiveCfg = Debug|Any CPU
		{8CBB6BC0-19A8-4520-AEFD-FC6FD39BCE23}.Debug|x64.Build.0 = Debug|Any CPU
		{8CBB6BC0-19A8-4520-AEFD-FC6FD39BCE23}.Debug|x86.ActiveCfg = Debug|Any CPU
		{8CBB6BC0-19A8-4520-AEFD-FC6FD39BCE23}.Debug|x86.Build.0 = Debug|Any CPU
		{8CBB6BC0-19A8-4520-AEFD-FC6FD39BCE23}.Release|Any CPU.ActiveCfg = Release|Any CPU
		{8CBB6BC0-19A8-4520-AEFD-FC6FD39BCE23}.Release|Any CPU.Build.0 = Release|Any CPU
		{8CBB6BC0-19A8-4520-AEFD-FC6FD39BCE23}.Release|x64.ActiveCfg = Release|Any CPU
		{8CBB6BC0-19A8-4520-AEFD-FC6FD39BCE23}.Release|x64.Build.0 = Release|Any CPU
		{8CBB6BC0-19A8-4520-AEFD-FC6FD39BCE23}.Release|x86.ActiveCfg = Release|Any CPU
		{8CBB6BC0-19A8-4520-AEFD-FC6FD39BCE23}.Release|x86.Build.0 = Release|Any CPU
		{F4BBEA8C-51D4-4284-B124-660FFA066CD8}.Debug|Any CPU.ActiveCfg = Debug|Any CPU
		{F4BBEA8C-51D4-4284-B124-660FFA066CD8}.Debug|Any CPU.Build.0 = Debug|Any CPU
		{F4BBEA8C-51D4-4284-B124-660FFA066CD8}.Debug|x64.ActiveCfg = Debug|Any CPU
		{F4BBEA8C-51D4-4284-B124-660FFA066CD8}.Debug|x64.Build.0 = Debug|Any CPU
		{F4BBEA8C-51D4-4284-B124-660FFA066CD8}.Debug|x86.ActiveCfg = Debug|Any CPU
		{F4BBEA8C-51D4-4284-B124-660FFA066CD8}.Debug|x86.Build.0 = Debug|Any CPU
		{F4BBEA8C-51D4-4284-B124-660FFA066CD8}.Release|Any CPU.ActiveCfg = Release|Any CPU
		{F4BBEA8C-51D4-4284-B124-660FFA066CD8}.Release|Any CPU.Build.0 = Release|Any CPU
		{F4BBEA8C-51D4-4284-B124-660FFA066CD8}.Release|x64.ActiveCfg = Release|Any CPU
		{F4BBEA8C-51D4-4284-B124-660FFA066CD8}.Release|x64.Build.0 = Release|Any CPU
		{F4BBEA8C-51D4-4284-B124-660FFA066CD8}.Release|x86.ActiveCfg = Release|Any CPU
		{F4BBEA8C-51D4-4284-B124-660FFA066CD8}.Release|x86.Build.0 = Release|Any CPU
		{48A3758F-7D3E-416C-B5F5-579508F4C406}.Debug|Any CPU.ActiveCfg = Debug|Any CPU
		{48A3758F-7D3E-416C-B5F5-579508F4C406}.Debug|Any CPU.Build.0 = Debug|Any CPU
		{48A3758F-7D3E-416C-B5F5-579508F4C406}.Debug|x64.ActiveCfg = Debug|Any CPU
		{48A3758F-7D3E-416C-B5F5-579508F4C406}.Debug|x64.Build.0 = Debug|Any CPU
		{48A3758F-7D3E-416C-B5F5-579508F4C406}.Debug|x86.ActiveCfg = Debug|Any CPU
		{48A3758F-7D3E-416C-B5F5-579508F4C406}.Debug|x86.Build.0 = Debug|Any CPU
		{48A3758F-7D3E-416C-B5F5-579508F4C406}.Release|Any CPU.ActiveCfg = Release|Any CPU
		{48A3758F-7D3E-416C-B5F5-579508F4C406}.Release|Any CPU.Build.0 = Release|Any CPU
		{48A3758F-7D3E-416C-B5F5-579508F4C406}.Release|x64.ActiveCfg = Release|Any CPU
		{48A3758F-7D3E-416C-B5F5-579508F4C406}.Release|x64.Build.0 = Release|Any CPU
		{48A3758F-7D3E-416C-B5F5-579508F4C406}.Release|x86.ActiveCfg = Release|Any CPU
		{48A3758F-7D3E-416C-B5F5-579508F4C406}.Release|x86.Build.0 = Release|Any CPU
	EndGlobalSection
	GlobalSection(SolutionProperties) = preSolution
		HideSolutionNode = FALSE
	EndGlobalSection
	GlobalSection(ExtensibilityGlobals) = postSolution
		SolutionGuid = {21C3B91C-7BD7-47DF-A1FE-DA547EF45EE6}
	EndGlobalSection
	GlobalSection(Performance) = preSolution
		HasPerformanceSessions = true
	EndGlobalSection
EndGlobal
